
Microsoft Visual Studio Solution File, Format Version 12.00
# Visual Studio Version 16
VisualStudioVersion = 16.0.32126.315
MinimumVisualStudioVersion = 10.0.40219.1
Project("{FAE04EC0-301F-11D3-BF4B-00C04F79EFBC}") = "Best-Time-to-Buy-and-Sell-Stock", "Best-Time-to-Buy-and-Sell-Stock\Best-Time-to-Buy-and-Sell-Stock.csproj", "{F3DDE67A-7439-4F36-A877-D8A2D7DF8DDC}"
EndProject
Global
	GlobalSection(SolutionConfigurationPlatforms) = preSolution
		Debug|Any CPU = Debug|Any CPU
		Release|Any CPU = Release|Any CPU
	EndGlobalSection
	GlobalSection(ProjectConfigurationPlatforms) = postSolution
		{F3DDE67A-7439-4F36-A877-D8A2D7DF8DDC}.Debug|Any CPU.ActiveCfg = Debug|Any CPU
		{F3DDE67A-7439-4F36-A877-D8A2D7DF8DDC}.Debug|Any CPU.Build.0 = Debug|Any CPU
		{F3DDE67A-7439-4F36-A877-D8A2D7DF8DDC}.Release|Any CPU.ActiveCfg = Release|Any CPU
		{F3DDE67A-7439-4F36-A877-D8A2D7DF8DDC}.Release|Any CPU.Build.0 = Release|Any CPU
	EndGlobalSection
	GlobalSection(SolutionProperties) = preSolution
		HideSolutionNode = FALSE
	EndGlobalSection
	GlobalSection(ExtensibilityGlobals) = postSolution
		SolutionGuid = {93246D5C-5493-428A-ACC3-972B96506DD6}
	EndGlobalSection
EndGlobal
